
Microsoft Visual Studio Solution File, Format Version 12.00
# Visual Studio Version 17
VisualStudioVersion = 17.8.34316.72
MinimumVisualStudioVersion = 10.0.40219.1
Project("{FAE04EC0-301F-11D3-BF4B-00C04F79EFBC}") = "Prova2", "Prova2.csproj", "{46587966-26A7-42A3-B61D-693F22633042}"
EndProject
Global
	GlobalSection(SolutionConfigurationPlatforms) = preSolution
		Debug|Any CPU = Debug|Any CPU
		Release|Any CPU = Release|Any CPU
	EndGlobalSection
	GlobalSection(ProjectConfigurationPlatforms) = postSolution
		{46587966-26A7-42A3-B61D-693F22633042}.Debug|Any CPU.ActiveCfg = Debug|Any CPU
		{46587966-26A7-42A3-B61D-693F22633042}.Debug|Any CPU.Build.0 = Debug|Any CPU
		{46587966-26A7-42A3-B61D-693F22633042}.Release|Any CPU.ActiveCfg = Release|Any CPU
		{46587966-26A7-42A3-B61D-693F22633042}.Release|Any CPU.Build.0 = Release|Any CPU
	EndGlobalSection
	GlobalSection(SolutionProperties) = preSolution
		HideSolutionNode = FALSE
	EndGlobalSection
	GlobalSection(ExtensibilityGlobals) = postSolution
		SolutionGuid = {C309E12C-B757-4688-8A49-64A71A999428}
	EndGlobalSection
EndGlobal
