
Microsoft Visual Studio Solution File, Format Version 12.00
# Visual Studio Version 17
VisualStudioVersion = 17.11.35222.181
MinimumVisualStudioVersion = 10.0.40219.1
Project("{FAE04EC0-301F-11D3-BF4B-00C04F79EFBC}") = "Empresa", "Empresa\Empresa.csproj", "{0F517F10-BC2C-4665-BE3F-25B4D8E247D4}"
EndProject
Global
	GlobalSection(SolutionConfigurationPlatforms) = preSolution
		Debug|Any CPU = Debug|Any CPU
		Release|Any CPU = Release|Any CPU
	EndGlobalSection
	GlobalSection(ProjectConfigurationPlatforms) = postSolution
		{0F517F10-BC2C-4665-BE3F-25B4D8E247D4}.Debug|Any CPU.ActiveCfg = Debug|Any CPU
		{0F517F10-BC2C-4665-BE3F-25B4D8E247D4}.Debug|Any CPU.Build.0 = Debug|Any CPU
		{0F517F10-BC2C-4665-BE3F-25B4D8E247D4}.Release|Any CPU.ActiveCfg = Release|Any CPU
		{0F517F10-BC2C-4665-BE3F-25B4D8E247D4}.Release|Any CPU.Build.0 = Release|Any CPU
	EndGlobalSection
	GlobalSection(SolutionProperties) = preSolution
		HideSolutionNode = FALSE
	EndGlobalSection
	GlobalSection(ExtensibilityGlobals) = postSolution
		SolutionGuid = {AE0D547D-F9B6-4D7B-B6EC-BF62BBD8EB7F}
	EndGlobalSection
EndGlobal
